
Microsoft Visual Studio Solution File, Format Version 12.00
# Visual Studio Version 16
VisualStudioVersion = 16.0.29806.167
MinimumVisualStudioVersion = 10.0.40219.1
Project("{9A19103F-16F7-4668-BE54-9A1E7A4F7556}") = "Kruchy.Model.DataTypes", "Kruchy.Model.DataTypes\Kruchy.Model.DataTypes.csproj", "{2412F773-EC83-4CE3-8616-17BE579CCEAE}"
EndProject
Project("{9A19103F-16F7-4668-BE54-9A1E7A4F7556}") = "Kruchy.Uzytkownicy", "Kruchy.Uzytkownicy\Kruchy.Uzytkownicy.csproj", "{BD42D84E-0D4E-4E7A-9F0F-2BE302E294A4}"
EndProject
Project("{9A19103F-16F7-4668-BE54-9A1E7A4F7556}") = "Kruchy.Zakupy.Dao", "Kruchy.Zakupy.Dao\Kruchy.Zakupy.Dao.csproj", "{FC942D1E-1073-48DF-8C25-83C71288F720}"
EndProject
Project("{9A19103F-16F7-4668-BE54-9A1E7A4F7556}") = "ZakupyAngularWebApp", "ZakupyAngularWebApp\ZakupyAngularWebApp.csproj", "{5A92374A-8E07-4138-A0D2-E93D2F15D413}"
EndProject
Global
	GlobalSection(SolutionConfigurationPlatforms) = preSolution
		Debug|Any CPU = Debug|Any CPU
		Release|Any CPU = Release|Any CPU
	EndGlobalSection
	GlobalSection(ProjectConfigurationPlatforms) = postSolution
		{2412F773-EC83-4CE3-8616-17BE579CCEAE}.Debug|Any CPU.ActiveCfg = Debug|Any CPU
		{2412F773-EC83-4CE3-8616-17BE579CCEAE}.Debug|Any CPU.Build.0 = Debug|Any CPU
		{2412F773-EC83-4CE3-8616-17BE579CCEAE}.Release|Any CPU.ActiveCfg = Release|Any CPU
		{2412F773-EC83-4CE3-8616-17BE579CCEAE}.Release|Any CPU.Build.0 = Release|Any CPU
		{BD42D84E-0D4E-4E7A-9F0F-2BE302E294A4}.Debug|Any CPU.ActiveCfg = Debug|Any CPU
		{BD42D84E-0D4E-4E7A-9F0F-2BE302E294A4}.Debug|Any CPU.Build.0 = Debug|Any CPU
		{BD42D84E-0D4E-4E7A-9F0F-2BE302E294A4}.Release|Any CPU.ActiveCfg = Release|Any CPU
		{BD42D84E-0D4E-4E7A-9F0F-2BE302E294A4}.Release|Any CPU.Build.0 = Release|Any CPU
		{FC942D1E-1073-48DF-8C25-83C71288F720}.Debug|Any CPU.ActiveCfg = Debug|Any CPU
		{FC942D1E-1073-48DF-8C25-83C71288F720}.Debug|Any CPU.Build.0 = Debug|Any CPU
		{FC942D1E-1073-48DF-8C25-83C71288F720}.Release|Any CPU.ActiveCfg = Release|Any CPU
		{FC942D1E-1073-48DF-8C25-83C71288F720}.Release|Any CPU.Build.0 = Release|Any CPU
		{5A92374A-8E07-4138-A0D2-E93D2F15D413}.Debug|Any CPU.ActiveCfg = Debug|Any CPU
		{5A92374A-8E07-4138-A0D2-E93D2F15D413}.Debug|Any CPU.Build.0 = Debug|Any CPU
		{5A92374A-8E07-4138-A0D2-E93D2F15D413}.Release|Any CPU.ActiveCfg = Release|Any CPU
		{5A92374A-8E07-4138-A0D2-E93D2F15D413}.Release|Any CPU.Build.0 = Release|Any CPU
	EndGlobalSection
	GlobalSection(SolutionProperties) = preSolution
		HideSolutionNode = FALSE
	EndGlobalSection
	GlobalSection(ExtensibilityGlobals) = postSolution
		SolutionGuid = {5112A8F7-D116-4A61-BC00-47736D578D91}
	EndGlobalSection
EndGlobal
